// !$*UTF8*$!
{
	archiveVersion = 1;
	classes = {
	};
	objectVersion = 51;
	objects = {

/* Begin PBXBuildFile section */
		0D11A8C72752096200F8C2CF /* AppDelegate.swift in Sources */ = {isa = PBXBuildFile; fileRef = 0D11A8C62752096200F8C2CF /* AppDelegate.swift */; };
		0D11A8C92752096200F8C2CF /* SceneDelegate.swift in Sources */ = {isa = PBXBuildFile; fileRef = 0D11A8C82752096200F8C2CF /* SceneDelegate.swift */; };
		0D11A8CE2752096200F8C2CF /* Main.storyboard in Resources */ = {isa = PBXBuildFile; fileRef = 0D11A8CC2752096200F8C2CF /* Main.storyboard */; };
		0D11A8D02752096300F8C2CF /* Assets.xcassets in Resources */ = {isa = PBXBuildFile; fileRef = 0D11A8CF2752096300F8C2CF /* Assets.xcassets */; };
		0D11A8D32752096300F8C2CF /* LaunchScreen.storyboard in Resources */ = {isa = PBXBuildFile; fileRef = 0D11A8D12752096300F8C2CF /* LaunchScreen.storyboard */; };
		0D11A8EB27520A7800F8C2CF /* StoriesViewController.swift in Sources */ = {isa = PBXBuildFile; fileRef = 0D11A8E727520A7800F8C2CF /* StoriesViewController.swift */; };
		0D11A8EC27520A7800F8C2CF /* OuterCell.swift in Sources */ = {isa = PBXBuildFile; fileRef = 0D11A8E827520A7800F8C2CF /* OuterCell.swift */; };
		0D11A8ED27520A7800F8C2CF /* InnerCell.swift in Sources */ = {isa = PBXBuildFile; fileRef = 0D11A8E927520A7800F8C2CF /* InnerCell.swift */; };
		0D11A8EE27520A7800F8C2CF /* StoryBar.swift in Sources */ = {isa = PBXBuildFile; fileRef = 0D11A8EA27520A7800F8C2CF /* StoryBar.swift */; };
		0D11A8F827520FB200F8C2CF /* story2.gif in Resources */ = {isa = PBXBuildFile; fileRef = 0D11A8F627520FB200F8C2CF /* story2.gif */; };
		0D11A8F927520FB200F8C2CF /* story1.gif in Resources */ = {isa = PBXBuildFile; fileRef = 0D11A8F727520FB200F8C2CF /* story1.gif */; };
		0D16030C275E5DF100767A35 /* StoriesSDKTests.swift in Sources */ = {isa = PBXBuildFile; fileRef = 0D16030B275E5DF100767A35 /* StoriesSDKTests.swift */; };
		9028F9DA904FE4EEAAA78315 /* Pods_StoriesSDK.framework in Frameworks */ = {isa = PBXBuildFile; fileRef = 4A0C623092B7D68B45AC2893 /* Pods_StoriesSDK.framework */; };
/* End PBXBuildFile section */

/* Begin PBXContainerItemProxy section */
		0D16030E275E5DF100767A35 /* PBXContainerItemProxy */ = {
			isa = PBXContainerItemProxy;
			containerPortal = 0D11A8BB2752096200F8C2CF /* Project object */;
			proxyType = 1;
			remoteGlobalIDString = 0D11A8C22752096200F8C2CF;
			remoteInfo = StoriesSDK;
		};
/* End PBXContainerItemProxy section */

/* Begin PBXFileReference section */
		01F30893CABC29CBC2F8B0FE /* Pods-StoriesSDK.debug.xcconfig */ = {isa = PBXFileReference; includeInIndex = 1; lastKnownFileType = text.xcconfig; name = "Pods-StoriesSDK.debug.xcconfig"; path = "Target Support Files/Pods-StoriesSDK/Pods-StoriesSDK.debug.xcconfig"; sourceTree = "<group>"; };
		0D11A8C32752096200F8C2CF /* StoriesSDK.app */ = {isa = PBXFileReference; explicitFileType = wrapper.application; includeInIndex = 0; path = StoriesSDK.app; sourceTree = BUILT_PRODUCTS_DIR; };
		0D11A8C62752096200F8C2CF /* AppDelegate.swift */ = {isa = PBXFileReference; lastKnownFileType = sourcecode.swift; path = AppDelegate.swift; sourceTree = "<group>"; };
		0D11A8C82752096200F8C2CF /* SceneDelegate.swift */ = {isa = PBXFileReference; lastKnownFileType = sourcecode.swift; path = SceneDelegate.swift; sourceTree = "<group>"; };
		0D11A8CD2752096200F8C2CF /* Base */ = {isa = PBXFileReference; lastKnownFileType = file.storyboard; name = Base; path = Base.lproj/Main.storyboard; sourceTree = "<group>"; };
		0D11A8CF2752096300F8C2CF /* Assets.xcassets */ = {isa = PBXFileReference; lastKnownFileType = folder.assetcatalog; path = Assets.xcassets; sourceTree = "<group>"; };
		0D11A8D22752096300F8C2CF /* Base */ = {isa = PBXFileReference; lastKnownFileType = file.storyboard; name = Base; path = Base.lproj/LaunchScreen.storyboard; sourceTree = "<group>"; };
		0D11A8D42752096300F8C2CF /* Info.plist */ = {isa = PBXFileReference; lastKnownFileType = text.plist.xml; path = Info.plist; sourceTree = "<group>"; };
		0D11A8E727520A7800F8C2CF /* StoriesViewController.swift */ = {isa = PBXFileReference; fileEncoding = 4; lastKnownFileType = sourcecode.swift; path = StoriesViewController.swift; sourceTree = "<group>"; };
		0D11A8E827520A7800F8C2CF /* OuterCell.swift */ = {isa = PBXFileReference; fileEncoding = 4; lastKnownFileType = sourcecode.swift; path = OuterCell.swift; sourceTree = "<group>"; };
		0D11A8E927520A7800F8C2CF /* InnerCell.swift */ = {isa = PBXFileReference; fileEncoding = 4; lastKnownFileType = sourcecode.swift; path = InnerCell.swift; sourceTree = "<group>"; };
		0D11A8EA27520A7800F8C2CF /* StoryBar.swift */ = {isa = PBXFileReference; fileEncoding = 4; lastKnownFileType = sourcecode.swift; path = StoryBar.swift; sourceTree = "<group>"; };
		0D11A8F627520FB200F8C2CF /* story2.gif */ = {isa = PBXFileReference; lastKnownFileType = image.gif; path = story2.gif; sourceTree = "<group>"; };
		0D11A8F727520FB200F8C2CF /* story1.gif */ = {isa = PBXFileReference; lastKnownFileType = image.gif; path = story1.gif; sourceTree = "<group>"; };
		0D160309275E5DF100767A35 /* StoriesSDKTests.xctest */ = {isa = PBXFileReference; explicitFileType = wrapper.cfbundle; includeInIndex = 0; path = StoriesSDKTests.xctest; sourceTree = BUILT_PRODUCTS_DIR; };
		0D16030B275E5DF100767A35 /* StoriesSDKTests.swift */ = {isa = PBXFileReference; lastKnownFileType = sourcecode.swift; path = StoriesSDKTests.swift; sourceTree = "<group>"; };
		0D16030D275E5DF100767A35 /* Info.plist */ = {isa = PBXFileReference; lastKnownFileType = text.plist.xml; path = Info.plist; sourceTree = "<group>"; };
		347C75280C684E4C6D098046 /* Pods-StoriesSDK.release.xcconfig */ = {isa = PBXFileReference; includeInIndex = 1; lastKnownFileType = text.xcconfig; name = "Pods-StoriesSDK.release.xcconfig"; path = "Target Support Files/Pods-StoriesSDK/Pods-StoriesSDK.release.xcconfig"; sourceTree = "<group>"; };
		4A0C623092B7D68B45AC2893 /* Pods_StoriesSDK.framework */ = {isa = PBXFileReference; explicitFileType = wrapper.framework; includeInIndex = 0; path = Pods_StoriesSDK.framework; sourceTree = BUILT_PRODUCTS_DIR; };
/* End PBXFileReference section */

/* Begin PBXFrameworksBuildPhase section */
		0D11A8C02752096200F8C2CF /* Frameworks */ = {
			isa = PBXFrameworksBuildPhase;
			buildActionMask = 2147483647;
			files = (
				9028F9DA904FE4EEAAA78315 /* Pods_StoriesSDK.framework in Frameworks */,
			);
			runOnlyForDeploymentPostprocessing = 0;
		};
		0D160306275E5DF100767A35 /* Frameworks */ = {
			isa = PBXFrameworksBuildPhase;
			buildActionMask = 2147483647;
			files = (
			);
			runOnlyForDeploymentPostprocessing = 0;
		};
/* End PBXFrameworksBuildPhase section */

/* Begin PBXGroup section */
		0D11A8BA2752096200F8C2CF = {
			isa = PBXGroup;
			children = (
				0D11A8C52752096200F8C2CF /* StoriesSDK */,
				0D16030A275E5DF100767A35 /* StoriesSDKTests */,
				0D11A8C42752096200F8C2CF /* Products */,
				AF18B7815C5A8EE6136AAD23 /* Pods */,
				2FC86DB212B52A5DD216324F /* Frameworks */,
			);
			sourceTree = "<group>";
		};
		0D11A8C42752096200F8C2CF /* Products */ = {
			isa = PBXGroup;
			children = (
				0D11A8C32752096200F8C2CF /* StoriesSDK.app */,
				0D160309275E5DF100767A35 /* StoriesSDKTests.xctest */,
			);
			name = Products;
			sourceTree = "<group>";
		};
		0D11A8C52752096200F8C2CF /* StoriesSDK */ = {
			isa = PBXGroup;
			children = (
				0D11A8F727520FB200F8C2CF /* story1.gif */,
				0D11A8F627520FB200F8C2CF /* story2.gif */,
				0D11A8C62752096200F8C2CF /* AppDelegate.swift */,
				0D11A8C82752096200F8C2CF /* SceneDelegate.swift */,
				0D11A8CC2752096200F8C2CF /* Main.storyboard */,
				0D11A8CF2752096300F8C2CF /* Assets.xcassets */,
				0D11A8D12752096300F8C2CF /* LaunchScreen.storyboard */,
				0D11A8F027520A9100F8C2CF /* Stories */,
				0D11A8D42752096300F8C2CF /* Info.plist */,
			);
			path = StoriesSDK;
			sourceTree = "<group>";
		};
		0D11A8F027520A9100F8C2CF /* Stories */ = {
			isa = PBXGroup;
			children = (
				0D11A8E927520A7800F8C2CF /* InnerCell.swift */,
				0D11A8E827520A7800F8C2CF /* OuterCell.swift */,
				0D11A8E727520A7800F8C2CF /* StoriesViewController.swift */,
				0D11A8EA27520A7800F8C2CF /* StoryBar.swift */,
			);
			path = Stories;
			sourceTree = "<group>";
		};
		0D16030A275E5DF100767A35 /* StoriesSDKTests */ = {
			isa = PBXGroup;
			children = (
				0D16030B275E5DF100767A35 /* StoriesSDKTests.swift */,
				0D16030D275E5DF100767A35 /* Info.plist */,
			);
			path = StoriesSDKTests;
			sourceTree = "<group>";
		};
		2FC86DB212B52A5DD216324F /* Frameworks */ = {
			isa = PBXGroup;
			children = (
				4A0C623092B7D68B45AC2893 /* Pods_StoriesSDK.framework */,
			);
			name = Frameworks;
			sourceTree = "<group>";
		};
		AF18B7815C5A8EE6136AAD23 /* Pods */ = {
			isa = PBXGroup;
			children = (
				01F30893CABC29CBC2F8B0FE /* Pods-StoriesSDK.debug.xcconfig */,
				347C75280C684E4C6D098046 /* Pods-StoriesSDK.release.xcconfig */,
			);
			path = Pods;
			sourceTree = "<group>";
		};
/* End PBXGroup section */

/* Begin PBXNativeTarget section */
		0D11A8C22752096200F8C2CF /* StoriesSDK */ = {
			isa = PBXNativeTarget;
			buildConfigurationList = 0D11A8D72752096300F8C2CF /* Build configuration list for PBXNativeTarget "StoriesSDK" */;
			buildPhases = (
				CC86D5D47803F61CFE8D70DE /* [CP] Check Pods Manifest.lock */,
				0D11A8BF2752096200F8C2CF /* Sources */,
				0D11A8C02752096200F8C2CF /* Frameworks */,
				0D11A8C12752096200F8C2CF /* Resources */,
				E65ED404E2007D2B379D797F /* [CP] Embed Pods Frameworks */,
			);
			buildRules = (
			);
			dependencies = (
			);
			name = StoriesSDK;
			productName = StoriesSDK;
			productReference = 0D11A8C32752096200F8C2CF /* StoriesSDK.app */;
			productType = "com.apple.product-type.application";
		};
		0D160308275E5DF100767A35 /* StoriesSDKTests */ = {
			isa = PBXNativeTarget;
			buildConfigurationList = 0D160312275E5DF100767A35 /* Build configuration list for PBXNativeTarget "StoriesSDKTests" */;
			buildPhases = (
				0D160305275E5DF100767A35 /* Sources */,
				0D160306275E5DF100767A35 /* Frameworks */,
				0D160307275E5DF100767A35 /* Resources */,
			);
			buildRules = (
			);
			dependencies = (
				0D16030F275E5DF100767A35 /* PBXTargetDependency */,
			);
			name = StoriesSDKTests;
			productName = StoriesSDKTests;
			productReference = 0D160309275E5DF100767A35 /* StoriesSDKTests.xctest */;
			productType = "com.apple.product-type.bundle.unit-test";
		};
/* End PBXNativeTarget section */

/* Begin PBXProject section */
		0D11A8BB2752096200F8C2CF /* Project object */ = {
			isa = PBXProject;
			attributes = {
				LastSwiftUpdateCheck = 1230;
				LastUpgradeCheck = 1230;
				TargetAttributes = {
					0D11A8C22752096200F8C2CF = {
						CreatedOnToolsVersion = 12.3;
					};
					0D160308275E5DF100767A35 = {
						CreatedOnToolsVersion = 12.3;
						TestTargetID = 0D11A8C22752096200F8C2CF;
					};
				};
			};
			buildConfigurationList = 0D11A8BE2752096200F8C2CF /* Build configuration list for PBXProject "StoriesSDK" */;
			compatibilityVersion = "Xcode 9.3";
			developmentRegion = en;
			hasScannedForEncodings = 0;
			knownRegions = (
				en,
				Base,
			);
			mainGroup = 0D11A8BA2752096200F8C2CF;
			productRefGroup = 0D11A8C42752096200F8C2CF /* Products */;
			projectDirPath = "";
			projectRoot = "";
			targets = (
				0D11A8C22752096200F8C2CF /* StoriesSDK */,
				0D160308275E5DF100767A35 /* StoriesSDKTests */,
			);
		};
/* End PBXProject section */

/* Begin PBXResourcesBuildPhase section */
		0D11A8C12752096200F8C2CF /* Resources */ = {
			isa = PBXResourcesBuildPhase;
			buildActionMask = 2147483647;
			files = (
				0D11A8D32752096300F8C2CF /* LaunchScreen.storyboard in Resources */,
				0D11A8F927520FB200F8C2CF /* story1.gif in Resources */,
				0D11A8F827520FB200F8C2CF /* story2.gif in Resources */,
				0D11A8D02752096300F8C2CF /* Assets.xcassets in Resources */,
				0D11A8CE2752096200F8C2CF /* Main.storyboard in Resources */,
			);
			runOnlyForDeploymentPostprocessing = 0;
		};
		0D160307275E5DF100767A35 /* Resources */ = {
			isa = PBXResourcesBuildPhase;
			buildActionMask = 2147483647;
			files = (
			);
			runOnlyForDeploymentPostprocessing = 0;
		};
/* End PBXResourcesBuildPhase section */

/* Begin PBXShellScriptBuildPhase section */
		CC86D5D47803F61CFE8D70DE /* [CP] Check Pods Manifest.lock */ = {
			isa = PBXShellScriptBuildPhase;
			buildActionMask = 2147483647;
			files = (
			);
			inputFileListPaths = (
			);
			inputPaths = (
				"${PODS_PODFILE_DIR_PATH}/Podfile.lock",
				"${PODS_ROOT}/Manifest.lock",
			);
			name = "[CP] Check Pods Manifest.lock";
			outputFileListPaths = (
			);
			outputPaths = (
				"$(DERIVED_FILE_DIR)/Pods-StoriesSDK-checkManifestLockResult.txt",
			);
			runOnlyForDeploymentPostprocessing = 0;
			shellPath = /bin/sh;
			shellScript = "diff \"${PODS_PODFILE_DIR_PATH}/Podfile.lock\" \"${PODS_ROOT}/Manifest.lock\" > /dev/null\nif [ $? != 0 ] ; then\n    # print error to STDERR\n    echo \"error: The sandbox is not in sync with the Podfile.lock. Run 'pod install' or update your CocoaPods installation.\" >&2\n    exit 1\nfi\n# This output is used by Xcode 'outputs' to avoid re-running this script phase.\necho \"SUCCESS\" > \"${SCRIPT_OUTPUT_FILE_0}\"\n";
			showEnvVarsInLog = 0;
		};
		E65ED404E2007D2B379D797F /* [CP] Embed Pods Frameworks */ = {
			isa = PBXShellScriptBuildPhase;
			buildActionMask = 2147483647;
			files = (
			);
			inputFileListPaths = (
				"${PODS_ROOT}/Target Support Files/Pods-StoriesSDK/Pods-StoriesSDK-frameworks-${CONFIGURATION}-input-files.xcfilelist",
			);
			name = "[CP] Embed Pods Frameworks";
			outputFileListPaths = (
				"${PODS_ROOT}/Target Support Files/Pods-StoriesSDK/Pods-StoriesSDK-frameworks-${CONFIGURATION}-output-files.xcfilelist",
			);
			runOnlyForDeploymentPostprocessing = 0;
			shellPath = /bin/sh;
			shellScript = "\"${PODS_ROOT}/Target Support Files/Pods-StoriesSDK/Pods-StoriesSDK-frameworks.sh\"\n";
			showEnvVarsInLog = 0;
		};
/* End PBXShellScriptBuildPhase section */

/* Begin PBXSourcesBuildPhase section */
		0D11A8BF2752096200F8C2CF /* Sources */ = {
			isa = PBXSourcesBuildPhase;
			buildActionMask = 2147483647;
			files = (
				0D11A8EB27520A7800F8C2CF /* StoriesViewController.swift in Sources */,
				0D11A8ED27520A7800F8C2CF /* InnerCell.swift in Sources */,
				0D11A8EC27520A7800F8C2CF /* OuterCell.swift in Sources */,
				0D11A8EE27520A7800F8C2CF /* StoryBar.swift in Sources */,
				0D11A8C72752096200F8C2CF /* AppDelegate.swift in Sources */,
				0D11A8C92752096200F8C2CF /* SceneDelegate.swift in Sources */,
			);
			runOnlyForDeploymentPostprocessing = 0;
		};
		0D160305275E5DF100767A35 /* Sources */ = {
			isa = PBXSourcesBuildPhase;
			buildActionMask = 2147483647;
			files = (
				0D16030C275E5DF100767A35 /* StoriesSDKTests.swift in Sources */,
			);
			runOnlyForDeploymentPostprocessing = 0;
		};
/* End PBXSourcesBuildPhase section */

/* Begin PBXTargetDependency section */
		0D16030F275E5DF100767A35 /* PBXTargetDependency */ = {
			isa = PBXTargetDependency;
			target = 0D11A8C22752096200F8C2CF /* StoriesSDK */;
			targetProxy = 0D16030E275E5DF100767A35 /* PBXContainerItemProxy */;
		};
/* End PBXTargetDependency section */

/* Begin PBXVariantGroup section */
		0D11A8CC2752096200F8C2CF /* Main.storyboard */ = {
			isa = PBXVariantGroup;
			children = (
				0D11A8CD2752096200F8C2CF /* Base */,
			);
			name = Main.storyboard;
			sourceTree = "<group>";
		};
		0D11A8D12752096300F8C2CF /* LaunchScreen.storyboard */ = {
			isa = PBXVariantGroup;
			children = (
				0D11A8D22752096300F8C2CF /* Base */,
			);
			name = LaunchScreen.storyboard;
			sourceTree = "<group>";
		};
/* End PBXVariantGroup section */

/* Begin XCBuildConfiguration section */
		0D11A8D52752096300F8C2CF /* Debug */ = {
			isa = XCBuildConfiguration;
			buildSettings = {
				ALWAYS_SEARCH_USER_PATHS = NO;
				CLANG_ANALYZER_NONNULL = YES;
				CLANG_ANALYZER_NUMBER_OBJECT_CONVERSION = YES_AGGRESSIVE;
				CLANG_CXX_LANGUAGE_STANDARD = "gnu++14";
				CLANG_CXX_LIBRARY = "libc++";
				CLANG_ENABLE_MODULES = YES;
				CLANG_ENABLE_OBJC_ARC = YES;
				CLANG_ENABLE_OBJC_WEAK = YES;
				CLANG_WARN_BLOCK_CAPTURE_AUTORELEASING = YES;
				CLANG_WARN_BOOL_CONVERSION = YES;
				CLANG_WARN_COMMA = YES;
				CLANG_WARN_CONSTANT_CONVERSION = YES;
				CLANG_WARN_DEPRECATED_OBJC_IMPLEMENTATIONS = YES;
				CLANG_WARN_DIRECT_OBJC_ISA_USAGE = YES_ERROR;
				CLANG_WARN_DOCUMENTATION_COMMENTS = YES;
				CLANG_WARN_EMPTY_BODY = YES;
				CLANG_WARN_ENUM_CONVERSION = YES;
				CLANG_WARN_INFINITE_RECURSION = YES;
				CLANG_WARN_INT_CONVERSION = YES;
				CLANG_WARN_NON_LITERAL_NULL_CONVERSION = YES;
				CLANG_WARN_OBJC_IMPLICIT_RETAIN_SELF = YES;
				CLANG_WARN_OBJC_LITERAL_CONVERSION = YES;
				CLANG_WARN_OBJC_ROOT_CLASS = YES_ERROR;
				CLANG_WARN_QUOTED_INCLUDE_IN_FRAMEWORK_HEADER = YES;
				CLANG_WARN_RANGE_LOOP_ANALYSIS = YES;
				CLANG_WARN_STRICT_PROTOTYPES = YES;
				CLANG_WARN_SUSPICIOUS_MOVE = YES;
				CLANG_WARN_UNGUARDED_AVAILABILITY = YES_AGGRESSIVE;
				CLANG_WARN_UNREACHABLE_CODE = YES;
				CLANG_WARN__DUPLICATE_METHOD_MATCH = YES;
				COPY_PHASE_STRIP = NO;
				DEBUG_INFORMATION_FORMAT = dwarf;
				ENABLE_STRICT_OBJC_MSGSEND = YES;
				ENABLE_TESTABILITY = YES;
				GCC_C_LANGUAGE_STANDARD = gnu11;
				GCC_DYNAMIC_NO_PIC = NO;
				GCC_NO_COMMON_BLOCKS = YES;
				GCC_OPTIMIZATION_LEVEL = 0;
				GCC_PREPROCESSOR_DEFINITIONS = (
					"DEBUG=1",
					"$(inherited)",
				);
				GCC_WARN_64_TO_32_BIT_CONVERSION = YES;
				GCC_WARN_ABOUT_RETURN_TYPE = YES_ERROR;
				GCC_WARN_UNDECLARED_SELECTOR = YES;
				GCC_WARN_UNINITIALIZED_AUTOS = YES_AGGRESSIVE;
				GCC_WARN_UNUSED_FUNCTION = YES;
				GCC_WARN_UNUSED_VARIABLE = YES;
				IPHONEOS_DEPLOYMENT_TARGET = 14.3;
				MTL_ENABLE_DEBUG_INFO = INCLUDE_SOURCE;
				MTL_FAST_MATH = YES;
				ONLY_ACTIVE_ARCH = YES;
				SDKROOT = iphoneos;
				SWIFT_ACTIVE_COMPILATION_CONDITIONS = DEBUG;
				SWIFT_OPTIMIZATION_LEVEL = "-Onone";
			};
			name = Debug;
		};
		0D11A8D62752096300F8C2CF /* Release */ = {
			isa = XCBuildConfiguration;
			buildSettings = {
				ALWAYS_SEARCH_USER_PATHS = NO;
				CLANG_ANALYZER_NONNULL = YES;
				CLANG_ANALYZER_NUMBER_OBJECT_CONVERSION = YES_AGGRESSIVE;
				CLANG_CXX_LANGUAGE_STANDARD = "gnu++14";
				CLANG_CXX_LIBRARY = "libc++";
				CLANG_ENABLE_MODULES = YES;
				CLANG_ENABLE_OBJC_ARC = YES;
				CLANG_ENABLE_OBJC_WEAK = YES;
				CLANG_WARN_BLOCK_CAPTURE_AUTORELEASING = YES;
				CLANG_WARN_BOOL_CONVERSION = YES;
				CLANG_WARN_COMMA = YES;
				CLANG_WARN_CONSTANT_CONVERSION = YES;
				CLANG_WARN_DEPRECATED_OBJC_IMPLEMENTATIONS = YES;
				CLANG_WARN_DIRECT_OBJC_ISA_USAGE = YES_ERROR;
				CLANG_WARN_DOCUMENTATION_COMMENTS = YES;
				CLANG_WARN_EMPTY_BODY = YES;
				CLANG_WARN_ENUM_CONVERSION = YES;
				CLANG_WARN_INFINITE_RECURSION = YES;
				CLANG_WARN_INT_CONVERSION = YES;
				CLANG_WARN_NON_LITERAL_NULL_CONVERSION = YES;
				CLANG_WARN_OBJC_IMPLICIT_RETAIN_SELF = YES;
				CLANG_WARN_OBJC_LITERAL_CONVERSION = YES;
				CLANG_WARN_OBJC_ROOT_CLASS = YES_ERROR;
				CLANG_WARN_QUOTED_INCLUDE_IN_FRAMEWORK_HEADER = YES;
				CLANG_WARN_RANGE_LOOP_ANALYSIS = YES;
				CLANG_WARN_STRICT_PROTOTYPES = YES;
				CLANG_WARN_SUSPICIOUS_MOVE = YES;
				CLANG_WARN_UNGUARDED_AVAILABILITY = YES_AGGRESSIVE;
				CLANG_WARN_UNREACHABLE_CODE = YES;
				CLANG_WARN__DUPLICATE_METHOD_MATCH = YES;
				COPY_PHASE_STRIP = NO;
				DEBUG_INFORMATION_FORMAT = "dwarf-with-dsym";
				ENABLE_NS_ASSERTIONS = NO;
				ENABLE_STRICT_OBJC_MSGSEND = YES;
				GCC_C_LANGUAGE_STANDARD = gnu11;
				GCC_NO_COMMON_BLOCKS = YES;
				GCC_WARN_64_TO_32_BIT_CONVERSION = YES;
				GCC_WARN_ABOUT_RETURN_TYPE = YES_ERROR;
				GCC_WARN_UNDECLARED_SELECTOR = YES;
				GCC_WARN_UNINITIALIZED_AUTOS = YES_AGGRESSIVE;
				GCC_WARN_UNUSED_FUNCTION = YES;
				GCC_WARN_UNUSED_VARIABLE = YES;
				IPHONEOS_DEPLOYMENT_TARGET = 14.3;
				MTL_ENABLE_DEBUG_INFO = NO;
				MTL_FAST_MATH = YES;
				SDKROOT = iphoneos;
				SWIFT_COMPILATION_MODE = wholemodule;
				SWIFT_OPTIMIZATION_LEVEL = "-O";
				VALIDATE_PRODUCT = YES;
			};
			name = Release;
		};
		0D11A8D82752096300F8C2CF /* Debug */ = {
			isa = XCBuildConfiguration;
			baseConfigurationReference = 01F30893CABC29CBC2F8B0FE /* Pods-StoriesSDK.debug.xcconfig */;
			buildSettings = {
				ASSETCATALOG_COMPILER_APPICON_NAME = AppIcon;
				ASSETCATALOG_COMPILER_GLOBAL_ACCENT_COLOR_NAME = AccentColor;
				CODE_SIGN_STYLE = Automatic;
				DEVELOPMENT_TEAM = BJGH6J8PG2;
				INFOPLIST_FILE = StoriesSDK/Info.plist;
				LD_RUNPATH_SEARCH_PATHS = (
					"$(inherited)",
					"@executable_path/Frameworks",
				);
				PRODUCT_BUNDLE_IDENTIFIER = co.opendigi.openbook;
				PRODUCT_NAME = "$(TARGET_NAME)";
				SWIFT_VERSION = 5.0;
				TARGETED_DEVICE_FAMILY = "1,2";
			};
			name = Debug;
		};
		0D11A8D92752096300F8C2CF /* Release */ = {
			isa = XCBuildConfiguration;
			baseConfigurationReference = 347C75280C684E4C6D098046 /* Pods-StoriesSDK.release.xcconfig */;
			buildSettings = {
				ASSETCATALOG_COMPILER_APPICON_NAME = AppIcon;
				ASSETCATALOG_COMPILER_GLOBAL_ACCENT_COLOR_NAME = AccentColor;
				CODE_SIGN_STYLE = Automatic;
				DEVELOPMENT_TEAM = BJGH6J8PG2;
				INFOPLIST_FILE = StoriesSDK/Info.plist;
				LD_RUNPATH_SEARCH_PATHS = (
					"$(inherited)",
					"@executable_path/Frameworks",
				);
				PRODUCT_BUNDLE_IDENTIFIER = co.opendigi.openbook;
				PRODUCT_NAME = "$(TARGET_NAME)";
				SWIFT_VERSION = 5.0;
				TARGETED_DEVICE_FAMILY = "1,2";
			};
			name = Release;
		};
		0D160310275E5DF100767A35 /* Debug */ = {
			isa = XCBuildConfiguration;
			buildSettings = {
				BUNDLE_LOADER = "$(TEST_HOST)";
				CODE_SIGN_STYLE = Automatic;
				DEVELOPMENT_TEAM = BJGH6J8PG2;
				INFOPLIST_FILE = StoriesSDKTests/Info.plist;
				LD_RUNPATH_SEARCH_PATHS = (
					"$(inherited)",
					"@executable_path/Frameworks",
					"@loader_path/Frameworks",
				);
				PRODUCT_BUNDLE_IDENTIFIER = com.openBank.com.StoriesSDKTests;
				PRODUCT_NAME = "$(TARGET_NAME)";
				SWIFT_VERSION = 5.0;
				TARGETED_DEVICE_FAMILY = "1,2";
				TEST_HOST = "$(BUILT_PRODUCTS_DIR)/StoriesSDK.app/StoriesSDK";
			};
			name = Debug;
		};
		0D160311275E5DF100767A35 /* Release */ = {
			isa = XCBuildConfiguration;
			buildSettings = {
				BUNDLE_LOADER = "$(TEST_HOST)";
				CODE_SIGN_STYLE = Automatic;
				DEVELOPMENT_TEAM = BJGH6J8PG2;
				INFOPLIST_FILE = StoriesSDKTests/Info.plist;
				LD_RUNPATH_SEARCH_PATHS = (
					"$(inherited)",
					"@executable_path/Frameworks",
					"@loader_path/Frameworks",
				);
				PRODUCT_BUNDLE_IDENTIFIER = com.openBank.com.StoriesSDKTests;
				PRODUCT_NAME = "$(TARGET_NAME)";
				SWIFT_VERSION = 5.0;
				TARGETED_DEVICE_FAMILY = "1,2";
				TEST_HOST = "$(BUILT_PRODUCTS_DIR)/StoriesSDK.app/StoriesSDK";
			};
			name = Release;
		};
/* End XCBuildConfiguration section */

/* Begin XCConfigurationList section */
		0D11A8BE2752096200F8C2CF /* Build configuration list for PBXProject "StoriesSDK" */ = {
			isa = XCConfigurationList;
			buildConfigurations = (
				0D11A8D52752096300F8C2CF /* Debug */,
				0D11A8D62752096300F8C2CF /* Release */,
			);
			defaultConfigurationIsVisible = 0;
			defaultConfigurationName = Release;
		};
		0D11A8D72752096300F8C2CF /* Build configuration list for PBXNativeTarget "StoriesSDK" */ = {
			isa = XCConfigurationList;
			buildConfigurations = (
				0D11A8D82752096300F8C2CF /* Debug */,
				0D11A8D92752096300F8C2CF /* Release */,
			);
			defaultConfigurationIsVisible = 0;
			defaultConfigurationName = Release;
		};
		0D160312275E5DF100767A35 /* Build configuration list for PBXNativeTarget "StoriesSDKTests" */ = {
			isa = XCConfigurationList;
			buildConfigurations = (
				0D160310275E5DF100767A35 /* Debug */,
				0D160311275E5DF100767A35 /* Release */,
			);
			defaultConfigurationIsVisible = 0;
			defaultConfigurationName = Release;
		};
/* End XCConfigurationList section */
	};
	rootObject = 0D11A8BB2752096200F8C2CF /* Project object */;
}
